
Microsoft Visual Studio Solution File, Format Version 12.00
# Visual Studio Version 16
VisualStudioVersion = 16.0.31129.286
MinimumVisualStudioVersion = 10.0.40219.1
Project("{FAE04EC0-301F-11D3-BF4B-00C04F79EFBC}") = "class0610", "class0610\class0610.csproj", "{B8201949-8AFA-4B65-A004-9DBBFE1C6316}"
EndProject
Global
	GlobalSection(SolutionConfigurationPlatforms) = preSolution
		Debug|Any CPU = Debug|Any CPU
		Release|Any CPU = Release|Any CPU
	EndGlobalSection
	GlobalSection(ProjectConfigurationPlatforms) = postSolution
		{B8201949-8AFA-4B65-A004-9DBBFE1C6316}.Debug|Any CPU.ActiveCfg = Debug|Any CPU
		{B8201949-8AFA-4B65-A004-9DBBFE1C6316}.Debug|Any CPU.Build.0 = Debug|Any CPU
		{B8201949-8AFA-4B65-A004-9DBBFE1C6316}.Release|Any CPU.ActiveCfg = Release|Any CPU
		{B8201949-8AFA-4B65-A004-9DBBFE1C6316}.Release|Any CPU.Build.0 = Release|Any CPU
	EndGlobalSection
	GlobalSection(SolutionProperties) = preSolution
		HideSolutionNode = FALSE
	EndGlobalSection
	GlobalSection(ExtensibilityGlobals) = postSolution
		SolutionGuid = {02926FE0-8FF7-4590-B6F7-D70E378D8A97}
	EndGlobalSection
EndGlobal
