
Microsoft Visual Studio Solution File, Format Version 12.00
# Visual Studio Version 16
VisualStudioVersion = 16.0.31129.286
MinimumVisualStudioVersion = 10.0.40219.1
Project("{FAE04EC0-301F-11D3-BF4B-00C04F79EFBC}") = "carFixmgr0611", "carFixmgr0611\carFixmgr0611.csproj", "{70993CD3-4FCC-4DBE-8935-38A88CC10A68}"
EndProject
Global
	GlobalSection(SolutionConfigurationPlatforms) = preSolution
		Debug|Any CPU = Debug|Any CPU
		Release|Any CPU = Release|Any CPU
	EndGlobalSection
	GlobalSection(ProjectConfigurationPlatforms) = postSolution
		{70993CD3-4FCC-4DBE-8935-38A88CC10A68}.Debug|Any CPU.ActiveCfg = Debug|Any CPU
		{70993CD3-4FCC-4DBE-8935-38A88CC10A68}.Debug|Any CPU.Build.0 = Debug|Any CPU
		{70993CD3-4FCC-4DBE-8935-38A88CC10A68}.Release|Any CPU.ActiveCfg = Release|Any CPU
		{70993CD3-4FCC-4DBE-8935-38A88CC10A68}.Release|Any CPU.Build.0 = Release|Any CPU
	EndGlobalSection
	GlobalSection(SolutionProperties) = preSolution
		HideSolutionNode = FALSE
	EndGlobalSection
	GlobalSection(ExtensibilityGlobals) = postSolution
		SolutionGuid = {3F3B336F-914C-49EF-B78B-AD62ABEDC222}
	EndGlobalSection
EndGlobal
