
Microsoft Visual Studio Solution File, Format Version 12.00
# Visual Studio Version 16
VisualStudioVersion = 16.0.31129.286
MinimumVisualStudioVersion = 10.0.40219.1
Project("{FAE04EC0-301F-11D3-BF4B-00C04F79EFBC}") = "class0610_2", "class0610_2\class0610_2.csproj", "{FF6E5760-367F-431A-A143-85DB06146CDF}"
EndProject
Global
	GlobalSection(SolutionConfigurationPlatforms) = preSolution
		Debug|Any CPU = Debug|Any CPU
		Release|Any CPU = Release|Any CPU
	EndGlobalSection
	GlobalSection(ProjectConfigurationPlatforms) = postSolution
		{FF6E5760-367F-431A-A143-85DB06146CDF}.Debug|Any CPU.ActiveCfg = Debug|Any CPU
		{FF6E5760-367F-431A-A143-85DB06146CDF}.Debug|Any CPU.Build.0 = Debug|Any CPU
		{FF6E5760-367F-431A-A143-85DB06146CDF}.Release|Any CPU.ActiveCfg = Release|Any CPU
		{FF6E5760-367F-431A-A143-85DB06146CDF}.Release|Any CPU.Build.0 = Release|Any CPU
	EndGlobalSection
	GlobalSection(SolutionProperties) = preSolution
		HideSolutionNode = FALSE
	EndGlobalSection
	GlobalSection(ExtensibilityGlobals) = postSolution
		SolutionGuid = {937EE6CF-D898-4ACC-8C9E-BD06F06F595F}
	EndGlobalSection
EndGlobal
